
Microsoft Visual Studio Solution File, Format Version 12.00
# Visual Studio 15
VisualStudioVersion = 15.0.27130.2027
MinimumVisualStudioVersion = 10.0.40219.1
Project("{FAE04EC0-301F-11D3-BF4B-00C04F79EFBC}") = "EmployeeList", "EmployeeList\EmployeeList.csproj", "{CB8652CD-7738-4CE9-B6CF-1F176D8D1357}"
EndProject
Global
	GlobalSection(SolutionConfigurationPlatforms) = preSolution
		Debug|Any CPU = Debug|Any CPU
		Deploy-Dev|Any CPU = Deploy-Dev|Any CPU
		Release|Any CPU = Release|Any CPU
	EndGlobalSection
	GlobalSection(ProjectConfigurationPlatforms) = postSolution
		{CB8652CD-7738-4CE9-B6CF-1F176D8D1357}.Debug|Any CPU.ActiveCfg = Debug|Any CPU
		{CB8652CD-7738-4CE9-B6CF-1F176D8D1357}.Debug|Any CPU.Build.0 = Debug|Any CPU
		{CB8652CD-7738-4CE9-B6CF-1F176D8D1357}.Deploy-Dev|Any CPU.ActiveCfg = Deploy-Dev|Any CPU
		{CB8652CD-7738-4CE9-B6CF-1F176D8D1357}.Deploy-Dev|Any CPU.Build.0 = Deploy-Dev|Any CPU
		{CB8652CD-7738-4CE9-B6CF-1F176D8D1357}.Release|Any CPU.ActiveCfg = Release|Any CPU
		{CB8652CD-7738-4CE9-B6CF-1F176D8D1357}.Release|Any CPU.Build.0 = Release|Any CPU
	EndGlobalSection
	GlobalSection(SolutionProperties) = preSolution
		HideSolutionNode = FALSE
	EndGlobalSection
	GlobalSection(ExtensibilityGlobals) = postSolution
		SolutionGuid = {36CA555E-0043-4DE2-AAEF-BB41A6D2F583}
	EndGlobalSection
EndGlobal
